
Microsoft Visual Studio Solution File, Format Version 12.00
# Visual Studio Version 16
VisualStudioVersion = 16.0.30114.105
MinimumVisualStudioVersion = 10.0.40219.1
Project("{FAE04EC0-301F-11D3-BF4B-00C04F79EFBC}") = "src", "src\src.csproj", "{5DD47117-EBB8-4C83-89A5-DFBC7AF179D7}"
EndProject
Project("{FAE04EC0-301F-11D3-BF4B-00C04F79EFBC}") = "test", "test\test.csproj", "{AFC4A5A0-D9D5-42AE-AA40-AE8C09F35894}"
EndProject
Global
	GlobalSection(SolutionConfigurationPlatforms) = preSolution
		Debug|Any CPU = Debug|Any CPU
		Release|Any CPU = Release|Any CPU
	EndGlobalSection
	GlobalSection(SolutionProperties) = preSolution
		HideSolutionNode = FALSE
	EndGlobalSection
	GlobalSection(ProjectConfigurationPlatforms) = postSolution
		{5DD47117-EBB8-4C83-89A5-DFBC7AF179D7}.Debug|Any CPU.ActiveCfg = Debug|Any CPU
		{5DD47117-EBB8-4C83-89A5-DFBC7AF179D7}.Debug|Any CPU.Build.0 = Debug|Any CPU
		{5DD47117-EBB8-4C83-89A5-DFBC7AF179D7}.Release|Any CPU.ActiveCfg = Release|Any CPU
		{5DD47117-EBB8-4C83-89A5-DFBC7AF179D7}.Release|Any CPU.Build.0 = Release|Any CPU
		{AFC4A5A0-D9D5-42AE-AA40-AE8C09F35894}.Debug|Any CPU.ActiveCfg = Debug|Any CPU
		{AFC4A5A0-D9D5-42AE-AA40-AE8C09F35894}.Debug|Any CPU.Build.0 = Debug|Any CPU
		{AFC4A5A0-D9D5-42AE-AA40-AE8C09F35894}.Release|Any CPU.ActiveCfg = Release|Any CPU
		{AFC4A5A0-D9D5-42AE-AA40-AE8C09F35894}.Release|Any CPU.Build.0 = Release|Any CPU
	EndGlobalSection
EndGlobal
